
Microsoft Visual Studio Solution File, Format Version 12.00
# Visual Studio 15
VisualStudioVersion = 15.0.26730.16
MinimumVisualStudioVersion = 10.0.40219.1
Project("{FAE04EC0-301F-11D3-BF4B-00C04F79EFBC}") = "PwCLibrary", "PwCLibrary\PwCLibrary.csproj", "{A20F17F6-0223-4EE7-AD7B-A527D03BD9A0}"
EndProject
Project("{FAE04EC0-301F-11D3-BF4B-00C04F79EFBC}") = "UnitTestPwCLibrary", "UnitTestPwCLibrary\UnitTestPwCLibrary.csproj", "{D43CB769-4DB9-4CFE-910A-B975BA749682}"
EndProject
Global
	GlobalSection(SolutionConfigurationPlatforms) = preSolution
		Debug|Any CPU = Debug|Any CPU
		Release|Any CPU = Release|Any CPU
	EndGlobalSection
	GlobalSection(ProjectConfigurationPlatforms) = postSolution
		{A20F17F6-0223-4EE7-AD7B-A527D03BD9A0}.Debug|Any CPU.ActiveCfg = Debug|Any CPU
		{A20F17F6-0223-4EE7-AD7B-A527D03BD9A0}.Debug|Any CPU.Build.0 = Debug|Any CPU
		{A20F17F6-0223-4EE7-AD7B-A527D03BD9A0}.Release|Any CPU.ActiveCfg = Release|Any CPU
		{A20F17F6-0223-4EE7-AD7B-A527D03BD9A0}.Release|Any CPU.Build.0 = Release|Any CPU
		{D43CB769-4DB9-4CFE-910A-B975BA749682}.Debug|Any CPU.ActiveCfg = Debug|Any CPU
		{D43CB769-4DB9-4CFE-910A-B975BA749682}.Debug|Any CPU.Build.0 = Debug|Any CPU
		{D43CB769-4DB9-4CFE-910A-B975BA749682}.Release|Any CPU.ActiveCfg = Release|Any CPU
		{D43CB769-4DB9-4CFE-910A-B975BA749682}.Release|Any CPU.Build.0 = Release|Any CPU
	EndGlobalSection
	GlobalSection(SolutionProperties) = preSolution
		HideSolutionNode = FALSE
	EndGlobalSection
	GlobalSection(ExtensibilityGlobals) = postSolution
		SolutionGuid = {5251C842-4A01-4A96-B51B-222CE4CA02C5}
	EndGlobalSection
EndGlobal
